
Microsoft Visual Studio Solution File, Format Version 12.00
# Visual Studio Version 16
VisualStudioVersion = 16.0.30413.136
MinimumVisualStudioVersion = 10.0.40219.1
Project("{FAE04EC0-301F-11D3-BF4B-00C04F79EFBC}") = "Pizza_Web_Api", "Pizza_Web_Api\Pizza_Web_Api.csproj", "{80B2F8B9-03AA-44FA-A3F6-43244475993F}"
EndProject
Project("{FAE04EC0-301F-11D3-BF4B-00C04F79EFBC}") = "Domain_Models", "Domain_Models\Domain_Models.csproj", "{0204D87D-C50C-413B-A2D9-C9AA3F7901AA}"
EndProject
Project("{FAE04EC0-301F-11D3-BF4B-00C04F79EFBC}") = "Data", "Data\Data.csproj", "{1B0653F8-82B7-4FE1-B875-A292CF555A15}"
EndProject
Project("{FAE04EC0-301F-11D3-BF4B-00C04F79EFBC}") = "Services", "Services\Services.csproj", "{0F135F6B-2AF8-4ACF-9678-9F6E330FBD36}"
EndProject
Global
	GlobalSection(SolutionConfigurationPlatforms) = preSolution
		Debug|Any CPU = Debug|Any CPU
		Release|Any CPU = Release|Any CPU
	EndGlobalSection
	GlobalSection(ProjectConfigurationPlatforms) = postSolution
		{80B2F8B9-03AA-44FA-A3F6-43244475993F}.Debug|Any CPU.ActiveCfg = Debug|Any CPU
		{80B2F8B9-03AA-44FA-A3F6-43244475993F}.Debug|Any CPU.Build.0 = Debug|Any CPU
		{80B2F8B9-03AA-44FA-A3F6-43244475993F}.Release|Any CPU.ActiveCfg = Release|Any CPU
		{80B2F8B9-03AA-44FA-A3F6-43244475993F}.Release|Any CPU.Build.0 = Release|Any CPU
		{0204D87D-C50C-413B-A2D9-C9AA3F7901AA}.Debug|Any CPU.ActiveCfg = Debug|Any CPU
		{0204D87D-C50C-413B-A2D9-C9AA3F7901AA}.Debug|Any CPU.Build.0 = Debug|Any CPU
		{0204D87D-C50C-413B-A2D9-C9AA3F7901AA}.Release|Any CPU.ActiveCfg = Release|Any CPU
		{0204D87D-C50C-413B-A2D9-C9AA3F7901AA}.Release|Any CPU.Build.0 = Release|Any CPU
		{1B0653F8-82B7-4FE1-B875-A292CF555A15}.Debug|Any CPU.ActiveCfg = Debug|Any CPU
		{1B0653F8-82B7-4FE1-B875-A292CF555A15}.Debug|Any CPU.Build.0 = Debug|Any CPU
		{1B0653F8-82B7-4FE1-B875-A292CF555A15}.Release|Any CPU.ActiveCfg = Release|Any CPU
		{1B0653F8-82B7-4FE1-B875-A292CF555A15}.Release|Any CPU.Build.0 = Release|Any CPU
		{0F135F6B-2AF8-4ACF-9678-9F6E330FBD36}.Debug|Any CPU.ActiveCfg = Debug|Any CPU
		{0F135F6B-2AF8-4ACF-9678-9F6E330FBD36}.Debug|Any CPU.Build.0 = Debug|Any CPU
		{0F135F6B-2AF8-4ACF-9678-9F6E330FBD36}.Release|Any CPU.ActiveCfg = Release|Any CPU
		{0F135F6B-2AF8-4ACF-9678-9F6E330FBD36}.Release|Any CPU.Build.0 = Release|Any CPU
	EndGlobalSection
	GlobalSection(SolutionProperties) = preSolution
		HideSolutionNode = FALSE
	EndGlobalSection
	GlobalSection(ExtensibilityGlobals) = postSolution
		SolutionGuid = {DF7130B4-3DB3-44C6-A9A3-1750138CCC0C}
	EndGlobalSection
EndGlobal
