
Microsoft Visual Studio Solution File, Format Version 12.00
# Visual Studio Version 16
VisualStudioVersion = 16.0.30413.136
MinimumVisualStudioVersion = 10.0.40219.1
Project("{FAE04EC0-301F-11D3-BF4B-00C04F79EFBC}") = "Movie_App", "Movie_App\Movie_App.csproj", "{1F321E1F-36A2-4B9C-966C-F064B3EA0A55}"
EndProject
Global
	GlobalSection(SolutionConfigurationPlatforms) = preSolution
		Debug|Any CPU = Debug|Any CPU
		Release|Any CPU = Release|Any CPU
	EndGlobalSection
	GlobalSection(ProjectConfigurationPlatforms) = postSolution
		{1F321E1F-36A2-4B9C-966C-F064B3EA0A55}.Debug|Any CPU.ActiveCfg = Debug|Any CPU
		{1F321E1F-36A2-4B9C-966C-F064B3EA0A55}.Debug|Any CPU.Build.0 = Debug|Any CPU
		{1F321E1F-36A2-4B9C-966C-F064B3EA0A55}.Release|Any CPU.ActiveCfg = Release|Any CPU
		{1F321E1F-36A2-4B9C-966C-F064B3EA0A55}.Release|Any CPU.Build.0 = Release|Any CPU
	EndGlobalSection
	GlobalSection(SolutionProperties) = preSolution
		HideSolutionNode = FALSE
	EndGlobalSection
	GlobalSection(ExtensibilityGlobals) = postSolution
		SolutionGuid = {F680F541-2062-4335-9F06-5B3CDEB1F06B}
	EndGlobalSection
EndGlobal
